
Microsoft Visual Studio Solution File, Format Version 12.00
# Visual Studio Version 16
VisualStudioVersion = 16.0.29728.190
MinimumVisualStudioVersion = 10.0.40219.1
Project("{151D2E53-A2C4-4D7D-83FE-D05416EBD58E}") = "Garaio.DevCampServerless.Deployment", "Garaio.DevCampServerless.Deployment\Garaio.DevCampServerless.Deployment.deployproj", "{2DD5C10F-EE75-47EB-A381-C2AFD6E4BB44}"
EndProject
Project("{FAE04EC0-301F-11D3-BF4B-00C04F79EFBC}") = "Garaio.DevCampServerless.ServiceFuncApp", "Garaio.DevCampServerless.ServiceFuncApp\Garaio.DevCampServerless.ServiceFuncApp.csproj", "{D64669CB-0AAF-4B32-8C84-1233F8B05CA7}"
EndProject
Project("{2150E333-8FDC-42A3-9474-1A3956D46DE8}") = "Solution Items", "Solution Items", "{A5D9544C-C73C-4CAE-BC06-054109772615}"
	ProjectSection(SolutionItems) = preProject
		Resources\Architecture.drawio = Resources\Architecture.drawio
		Resources\Components.png = Resources\Components.png
		Resources\DataModel.png = Resources\DataModel.png
		README.md = README.md
	EndProjectSection
EndProject
Project("{FAE04EC0-301F-11D3-BF4B-00C04F79EFBC}") = "Garaio.DevCampServerless.EmulatorFuncApp", "Garaio.DevCampServerless.EmulatorFuncApp\Garaio.DevCampServerless.EmulatorFuncApp.csproj", "{72BF44E1-8490-413E-948A-0EC52E7B5D68}"
EndProject
Project("{FAE04EC0-301F-11D3-BF4B-00C04F79EFBC}") = "Garaio.DevCampServerless.Common", "Garaio.DevCampServerless.Common\Garaio.DevCampServerless.Common.csproj", "{BDE6A802-759B-48AD-BA85-F2D2AA4455DF}"
EndProject
Global
	GlobalSection(SolutionConfigurationPlatforms) = preSolution
		Debug|Any CPU = Debug|Any CPU
		Release|Any CPU = Release|Any CPU
	EndGlobalSection
	GlobalSection(ProjectConfigurationPlatforms) = postSolution
		{2DD5C10F-EE75-47EB-A381-C2AFD6E4BB44}.Debug|Any CPU.ActiveCfg = Debug|Any CPU
		{2DD5C10F-EE75-47EB-A381-C2AFD6E4BB44}.Debug|Any CPU.Build.0 = Debug|Any CPU
		{2DD5C10F-EE75-47EB-A381-C2AFD6E4BB44}.Release|Any CPU.ActiveCfg = Release|Any CPU
		{2DD5C10F-EE75-47EB-A381-C2AFD6E4BB44}.Release|Any CPU.Build.0 = Release|Any CPU
		{D64669CB-0AAF-4B32-8C84-1233F8B05CA7}.Debug|Any CPU.ActiveCfg = Debug|Any CPU
		{D64669CB-0AAF-4B32-8C84-1233F8B05CA7}.Debug|Any CPU.Build.0 = Debug|Any CPU
		{D64669CB-0AAF-4B32-8C84-1233F8B05CA7}.Release|Any CPU.ActiveCfg = Release|Any CPU
		{D64669CB-0AAF-4B32-8C84-1233F8B05CA7}.Release|Any CPU.Build.0 = Release|Any CPU
		{72BF44E1-8490-413E-948A-0EC52E7B5D68}.Debug|Any CPU.ActiveCfg = Debug|Any CPU
		{72BF44E1-8490-413E-948A-0EC52E7B5D68}.Debug|Any CPU.Build.0 = Debug|Any CPU
		{72BF44E1-8490-413E-948A-0EC52E7B5D68}.Release|Any CPU.ActiveCfg = Release|Any CPU
		{72BF44E1-8490-413E-948A-0EC52E7B5D68}.Release|Any CPU.Build.0 = Release|Any CPU
		{BDE6A802-759B-48AD-BA85-F2D2AA4455DF}.Debug|Any CPU.ActiveCfg = Debug|Any CPU
		{BDE6A802-759B-48AD-BA85-F2D2AA4455DF}.Debug|Any CPU.Build.0 = Debug|Any CPU
		{BDE6A802-759B-48AD-BA85-F2D2AA4455DF}.Release|Any CPU.ActiveCfg = Release|Any CPU
		{BDE6A802-759B-48AD-BA85-F2D2AA4455DF}.Release|Any CPU.Build.0 = Release|Any CPU
	EndGlobalSection
	GlobalSection(SolutionProperties) = preSolution
		HideSolutionNode = FALSE
	EndGlobalSection
	GlobalSection(ExtensibilityGlobals) = postSolution
		SolutionGuid = {0D1CA16F-E52C-4C60-B56D-BACF8C53528F}
	EndGlobalSection
EndGlobal
